// !$*UTF8*$!
{
	archiveVersion = 1;
	classes = {
	};
	objectVersion = 50;
	objects = {

/* Begin PBXBuildFile section */
		F124484D21AD138200164654 /* AppDelegate.swift in Sources */ = {isa = PBXBuildFile; fileRef = F124484C21AD138200164654 /* AppDelegate.swift */; };
		F124484F21AD138200164654 /* ViewController.swift in Sources */ = {isa = PBXBuildFile; fileRef = F124484E21AD138200164654 /* ViewController.swift */; };
		F124485221AD138200164654 /* Main.storyboard in Resources */ = {isa = PBXBuildFile; fileRef = F124485021AD138200164654 /* Main.storyboard */; };
		F124485421AD138300164654 /* Assets.xcassets in Resources */ = {isa = PBXBuildFile; fileRef = F124485321AD138300164654 /* Assets.xcassets */; };
		F124485721AD138300164654 /* LaunchScreen.storyboard in Resources */ = {isa = PBXBuildFile; fileRef = F124485521AD138300164654 /* LaunchScreen.storyboard */; };
		F124486221AD138400164654 /* ShutterToolTests.swift in Sources */ = {isa = PBXBuildFile; fileRef = F124486121AD138400164654 /* ShutterToolTests.swift */; };
/* End PBXBuildFile section */

/* Begin PBXContainerItemProxy section */
		F124485E21AD138400164654 /* PBXContainerItemProxy */ = {
			isa = PBXContainerItemProxy;
			containerPortal = F124484121AD138200164654 /* Project object */;
			proxyType = 1;
			remoteGlobalIDString = F124484821AD138200164654;
			remoteInfo = ShutterTool;
		};
/* End PBXContainerItemProxy section */

/* Begin PBXFileReference section */
		F124484921AD138200164654 /* ShutterTool.app */ = {isa = PBXFileReference; explicitFileType = wrapper.application; includeInIndex = 0; path = ShutterTool.app; sourceTree = BUILT_PRODUCTS_DIR; };
		F124484C21AD138200164654 /* AppDelegate.swift */ = {isa = PBXFileReference; lastKnownFileType = sourcecode.swift; path = AppDelegate.swift; sourceTree = "<group>"; };
		F124484E21AD138200164654 /* ViewController.swift */ = {isa = PBXFileReference; lastKnownFileType = sourcecode.swift; path = ViewController.swift; sourceTree = "<group>"; };
		F124485121AD138200164654 /* Base */ = {isa = PBXFileReference; lastKnownFileType = file.storyboard; name = Base; path = Base.lproj/Main.storyboard; sourceTree = "<group>"; };
		F124485321AD138300164654 /* Assets.xcassets */ = {isa = PBXFileReference; lastKnownFileType = folder.assetcatalog; path = Assets.xcassets; sourceTree = "<group>"; };
		F124485621AD138300164654 /* Base */ = {isa = PBXFileReference; lastKnownFileType = file.storyboard; name = Base; path = Base.lproj/LaunchScreen.storyboard; sourceTree = "<group>"; };
		F124485821AD138300164654 /* Info.plist */ = {isa = PBXFileReference; lastKnownFileType = text.plist.xml; path = Info.plist; sourceTree = "<group>"; };
		F124485D21AD138400164654 /* ShutterToolTests.xctest */ = {isa = PBXFileReference; explicitFileType = wrapper.cfbundle; includeInIndex = 0; path = ShutterToolTests.xctest; sourceTree = BUILT_PRODUCTS_DIR; };
		F124486121AD138400164654 /* ShutterToolTests.swift */ = {isa = PBXFileReference; lastKnownFileType = sourcecode.swift; path = ShutterToolTests.swift; sourceTree = "<group>"; };
		F124486321AD138400164654 /* Info.plist */ = {isa = PBXFileReference; lastKnownFileType = text.plist.xml; path = Info.plist; sourceTree = "<group>"; };
/* End PBXFileReference section */

/* Begin PBXFrameworksBuildPhase section */
		F124484621AD138200164654 /* Frameworks */ = {
			isa = PBXFrameworksBuildPhase;
			buildActionMask = 2147483647;
			files = (
			);
			runOnlyForDeploymentPostprocessing = 0;
		};
		F124485A21AD138400164654 /* Frameworks */ = {
			isa = PBXFrameworksBuildPhase;
			buildActionMask = 2147483647;
			files = (
			);
			runOnlyForDeploymentPostprocessing = 0;
		};
/* End PBXFrameworksBuildPhase section */

/* Begin PBXGroup section */
		F124484021AD138200164654 = {
			isa = PBXGroup;
			children = (
				F124484B21AD138200164654 /* ShutterTool */,
				F124486021AD138400164654 /* ShutterToolTests */,
				F124484A21AD138200164654 /* Products */,
			);
			sourceTree = "<group>";
		};
		F124484A21AD138200164654 /* Products */ = {
			isa = PBXGroup;
			children = (
				F124484921AD138200164654 /* ShutterTool.app */,
				F124485D21AD138400164654 /* ShutterToolTests.xctest */,
			);
			name = Products;
			sourceTree = "<group>";
		};
		F124484B21AD138200164654 /* ShutterTool */ = {
			isa = PBXGroup;
			children = (
				F124484C21AD138200164654 /* AppDelegate.swift */,
				F124484E21AD138200164654 /* ViewController.swift */,
				F124485021AD138200164654 /* Main.storyboard */,
				F124485321AD138300164654 /* Assets.xcassets */,
				F124485521AD138300164654 /* LaunchScreen.storyboard */,
				F124485821AD138300164654 /* Info.plist */,
			);
			path = ShutterTool;
			sourceTree = "<group>";
		};
		F124486021AD138400164654 /* ShutterToolTests */ = {
			isa = PBXGroup;
			children = (
				F124486121AD138400164654 /* ShutterToolTests.swift */,
				F124486321AD138400164654 /* Info.plist */,
			);
			path = ShutterToolTests;
			sourceTree = "<group>";
		};
/* End PBXGroup section */

/* Begin PBXNativeTarget section */
		F124484821AD138200164654 /* ShutterTool */ = {
			isa = PBXNativeTarget;
			buildConfigurationList = F124486621AD138400164654 /* Build configuration list for PBXNativeTarget "ShutterTool" */;
			buildPhases = (
				F124484521AD138200164654 /* Sources */,
				F124484621AD138200164654 /* Frameworks */,
				F124484721AD138200164654 /* Resources */,
			);
			buildRules = (
			);
			dependencies = (
			);
			name = ShutterTool;
			productName = ShutterTool;
			productReference = F124484921AD138200164654 /* ShutterTool.app */;
			productType = "com.apple.product-type.application";
		};
		F124485C21AD138400164654 /* ShutterToolTests */ = {
			isa = PBXNativeTarget;
			buildConfigurationList = F124486921AD138400164654 /* Build configuration list for PBXNativeTarget "ShutterToolTests" */;
			buildPhases = (
				F124485921AD138400164654 /* Sources */,
				F124485A21AD138400164654 /* Frameworks */,
				F124485B21AD138400164654 /* Resources */,
			);
			buildRules = (
			);
			dependencies = (
				F124485F21AD138400164654 /* PBXTargetDependency */,
			);
			name = ShutterToolTests;
			productName = ShutterToolTests;
			productReference = F124485D21AD138400164654 /* ShutterToolTests.xctest */;
			productType = "com.apple.product-type.bundle.unit-test";
		};
/* End PBXNativeTarget section */

/* Begin PBXProject section */
		F124484121AD138200164654 /* Project object */ = {
			isa = PBXProject;
			attributes = {
				LastSwiftUpdateCheck = 1010;
				LastUpgradeCheck = 1010;
				ORGANIZATIONNAME = "Joshua Lizak";
				TargetAttributes = {
					F124484821AD138200164654 = {
						CreatedOnToolsVersion = 10.1;
					};
					F124485C21AD138400164654 = {
						CreatedOnToolsVersion = 10.1;
						TestTargetID = F124484821AD138200164654;
					};
				};
			};
			buildConfigurationList = F124484421AD138200164654 /* Build configuration list for PBXProject "ShutterTool" */;
			compatibilityVersion = "Xcode 9.3";
			developmentRegion = en;
			hasScannedForEncodings = 0;
			knownRegions = (
				en,
				Base,
			);
			mainGroup = F124484021AD138200164654;
			productRefGroup = F124484A21AD138200164654 /* Products */;
			projectDirPath = "";
			projectRoot = "";
			targets = (
				F124484821AD138200164654 /* ShutterTool */,
				F124485C21AD138400164654 /* ShutterToolTests */,
			);
		};
/* End PBXProject section */

/* Begin PBXResourcesBuildPhase section */
		F124484721AD138200164654 /* Resources */ = {
			isa = PBXResourcesBuildPhase;
			buildActionMask = 2147483647;
			files = (
				F124485721AD138300164654 /* LaunchScreen.storyboard in Resources */,
				F124485421AD138300164654 /* Assets.xcassets in Resources */,
				F124485221AD138200164654 /* Main.storyboard in Resources */,
			);
			runOnlyForDeploymentPostprocessing = 0;
		};
		F124485B21AD138400164654 /* Resources */ = {
			isa = PBXResourcesBuildPhase;
			buildActionMask = 2147483647;
			files = (
			);
			runOnlyForDeploymentPostprocessing = 0;
		};
/* End PBXResourcesBuildPhase section */

/* Begin PBXSourcesBuildPhase section */
		F124484521AD138200164654 /* Sources */ = {
			isa = PBXSourcesBuildPhase;
			buildActionMask = 2147483647;
			files = (
				F124484F21AD138200164654 /* ViewController.swift in Sources */,
				F124484D21AD138200164654 /* AppDelegate.swift in Sources */,
			);
			runOnlyForDeploymentPostprocessing = 0;
		};
		F124485921AD138400164654 /* Sources */ = {
			isa = PBXSourcesBuildPhase;
			buildActionMask = 2147483647;
			files = (
				F124486221AD138400164654 /* ShutterToolTests.swift in Sources */,
			);
			runOnlyForDeploymentPostprocessing = 0;
		};
/* End PBXSourcesBuildPhase section */

/* Begin PBXTargetDependency section */
		F124485F21AD138400164654 /* PBXTargetDependency */ = {
			isa = PBXTargetDependency;
			target = F124484821AD138200164654 /* ShutterTool */;
			targetProxy = F124485E21AD138400164654 /* PBXContainerItemProxy */;
		};
/* End PBXTargetDependency section */

/* Begin PBXVariantGroup section */
		F124485021AD138200164654 /* Main.storyboard */ = {
			isa = PBXVariantGroup;
			children = (
				F124485121AD138200164654 /* Base */,
			);
			name = Main.storyboard;
			sourceTree = "<group>";
		};
		F124485521AD138300164654 /* LaunchScreen.storyboard */ = {
			isa = PBXVariantGroup;
			children = (
				F124485621AD138300164654 /* Base */,
			);
			name = LaunchScreen.storyboard;
			sourceTree = "<group>";
		};
/* End PBXVariantGroup section */

/* Begin XCBuildConfiguration section */
		F124486421AD138400164654 /* Debug */ = {
			isa = XCBuildConfiguration;
			buildSettings = {
				ALWAYS_SEARCH_USER_PATHS = NO;
				CLANG_ANALYZER_NONNULL = YES;
				CLANG_ANALYZER_NUMBER_OBJECT_CONVERSION = YES_AGGRESSIVE;
				CLANG_CXX_LANGUAGE_STANDARD = "gnu++14";
				CLANG_CXX_LIBRARY = "libc++";
				CLANG_ENABLE_MODULES = YES;
				CLANG_ENABLE_OBJC_ARC = YES;
				CLANG_ENABLE_OBJC_WEAK = YES;
				CLANG_WARN_BLOCK_CAPTURE_AUTORELEASING = YES;
				CLANG_WARN_BOOL_CONVERSION = YES;
				CLANG_WARN_COMMA = YES;
				CLANG_WARN_CONSTANT_CONVERSION = YES;
				CLANG_WARN_DEPRECATED_OBJC_IMPLEMENTATIONS = YES;
				CLANG_WARN_DIRECT_OBJC_ISA_USAGE = YES_ERROR;
				CLANG_WARN_DOCUMENTATION_COMMENTS = YES;
				CLANG_WARN_EMPTY_BODY = YES;
				CLANG_WARN_ENUM_CONVERSION = YES;
				CLANG_WARN_INFINITE_RECURSION = YES;
				CLANG_WARN_INT_CONVERSION = YES;
				CLANG_WARN_NON_LITERAL_NULL_CONVERSION = YES;
				CLANG_WARN_OBJC_IMPLICIT_RETAIN_SELF = YES;
				CLANG_WARN_OBJC_LITERAL_CONVERSION = YES;
				CLANG_WARN_OBJC_ROOT_CLASS = YES_ERROR;
				CLANG_WARN_RANGE_LOOP_ANALYSIS = YES;
				CLANG_WARN_STRICT_PROTOTYPES = YES;
				CLANG_WARN_SUSPICIOUS_MOVE = YES;
				CLANG_WARN_UNGUARDED_AVAILABILITY = YES_AGGRESSIVE;
				CLANG_WARN_UNREACHABLE_CODE = YES;
				CLANG_WARN__DUPLICATE_METHOD_MATCH = YES;
				CODE_SIGN_IDENTITY = "iPhone Developer";
				COPY_PHASE_STRIP = NO;
				DEBUG_INFORMATION_FORMAT = dwarf;
				ENABLE_STRICT_OBJC_MSGSEND = YES;
				ENABLE_TESTABILITY = YES;
				GCC_C_LANGUAGE_STANDARD = gnu11;
				GCC_DYNAMIC_NO_PIC = NO;
				GCC_NO_COMMON_BLOCKS = YES;
				GCC_OPTIMIZATION_LEVEL = 0;
				GCC_PREPROCESSOR_DEFINITIONS = (
					"DEBUG=1",
					"$(inherited)",
				);
				GCC_WARN_64_TO_32_BIT_CONVERSION = YES;
				GCC_WARN_ABOUT_RETURN_TYPE = YES_ERROR;
				GCC_WARN_UNDECLARED_SELECTOR = YES;
				GCC_WARN_UNINITIALIZED_AUTOS = YES_AGGRESSIVE;
				GCC_WARN_UNUSED_FUNCTION = YES;
				GCC_WARN_UNUSED_VARIABLE = YES;
				IPHONEOS_DEPLOYMENT_TARGET = 12.1;
				MTL_ENABLE_DEBUG_INFO = INCLUDE_SOURCE;
				MTL_FAST_MATH = YES;
				ONLY_ACTIVE_ARCH = YES;
				SDKROOT = iphoneos;
				SWIFT_ACTIVE_COMPILATION_CONDITIONS = DEBUG;
				SWIFT_OPTIMIZATION_LEVEL = "-Onone";
			};
			name = Debug;
		};
		F124486521AD138400164654 /* Release */ = {
			isa = XCBuildConfiguration;
			buildSettings = {
				ALWAYS_SEARCH_USER_PATHS = NO;
				CLANG_ANALYZER_NONNULL = YES;
				CLANG_ANALYZER_NUMBER_OBJECT_CONVERSION = YES_AGGRESSIVE;
				CLANG_CXX_LANGUAGE_STANDARD = "gnu++14";
				CLANG_CXX_LIBRARY = "libc++";
				CLANG_ENABLE_MODULES = YES;
				CLANG_ENABLE_OBJC_ARC = YES;
				CLANG_ENABLE_OBJC_WEAK = YES;
				CLANG_WARN_BLOCK_CAPTURE_AUTORELEASING = YES;
				CLANG_WARN_BOOL_CONVERSION = YES;
				CLANG_WARN_COMMA = YES;
				CLANG_WARN_CONSTANT_CONVERSION = YES;
				CLANG_WARN_DEPRECATED_OBJC_IMPLEMENTATIONS = YES;
				CLANG_WARN_DIRECT_OBJC_ISA_USAGE = YES_ERROR;
				CLANG_WARN_DOCUMENTATION_COMMENTS = YES;
				CLANG_WARN_EMPTY_BODY = YES;
				CLANG_WARN_ENUM_CONVERSION = YES;
				CLANG_WARN_INFINITE_RECURSION = YES;
				CLANG_WARN_INT_CONVERSION = YES;
				CLANG_WARN_NON_LITERAL_NULL_CONVERSION = YES;
				CLANG_WARN_OBJC_IMPLICIT_RETAIN_SELF = YES;
				CLANG_WARN_OBJC_LITERAL_CONVERSION = YES;
				CLANG_WARN_OBJC_ROOT_CLASS = YES_ERROR;
				CLANG_WARN_RANGE_LOOP_ANALYSIS = YES;
				CLANG_WARN_STRICT_PROTOTYPES = YES;
				CLANG_WARN_SUSPICIOUS_MOVE = YES;
				CLANG_WARN_UNGUARDED_AVAILABILITY = YES_AGGRESSIVE;
				CLANG_WARN_UNREACHABLE_CODE = YES;
				CLANG_WARN__DUPLICATE_METHOD_MATCH = YES;
				CODE_SIGN_IDENTITY = "iPhone Developer";
				COPY_PHASE_STRIP = NO;
				DEBUG_INFORMATION_FORMAT = "dwarf-with-dsym";
				ENABLE_NS_ASSERTIONS = NO;
				ENABLE_STRICT_OBJC_MSGSEND = YES;
				GCC_C_LANGUAGE_STANDARD = gnu11;
				GCC_NO_COMMON_BLOCKS = YES;
				GCC_WARN_64_TO_32_BIT_CONVERSION = YES;
				GCC_WARN_ABOUT_RETURN_TYPE = YES_ERROR;
				GCC_WARN_UNDECLARED_SELECTOR = YES;
				GCC_WARN_UNINITIALIZED_AUTOS = YES_AGGRESSIVE;
				GCC_WARN_UNUSED_FUNCTION = YES;
				GCC_WARN_UNUSED_VARIABLE = YES;
				IPHONEOS_DEPLOYMENT_TARGET = 12.1;
				MTL_ENABLE_DEBUG_INFO = NO;
				MTL_FAST_MATH = YES;
				SDKROOT = iphoneos;
				SWIFT_COMPILATION_MODE = wholemodule;
				SWIFT_OPTIMIZATION_LEVEL = "-O";
				VALIDATE_PRODUCT = YES;
			};
			name = Release;
		};
		F124486721AD138400164654 /* Debug */ = {
			isa = XCBuildConfiguration;
			buildSettings = {
				ASSETCATALOG_COMPILER_APPICON_NAME = AppIcon;
				CODE_SIGN_STYLE = Automatic;
				DEVELOPMENT_TEAM = G9733LHNWZ;
				INFOPLIST_FILE = ShutterTool/Info.plist;
				LD_RUNPATH_SEARCH_PATHS = (
					"$(inherited)",
					"@executable_path/Frameworks",
				);
				PRODUCT_BUNDLE_IDENTIFIER = com.joshualizak.ShutterTool;
				PRODUCT_NAME = "$(TARGET_NAME)";
				SWIFT_VERSION = 4.2;
				TARGETED_DEVICE_FAMILY = "1,2";
			};
			name = Debug;
		};
		F124486821AD138400164654 /* Release */ = {
			isa = XCBuildConfiguration;
			buildSettings = {
				ASSETCATALOG_COMPILER_APPICON_NAME = AppIcon;
				CODE_SIGN_STYLE = Automatic;
				DEVELOPMENT_TEAM = G9733LHNWZ;
				INFOPLIST_FILE = ShutterTool/Info.plist;
				LD_RUNPATH_SEARCH_PATHS = (
					"$(inherited)",
					"@executable_path/Frameworks",
				);
				PRODUCT_BUNDLE_IDENTIFIER = com.joshualizak.ShutterTool;
				PRODUCT_NAME = "$(TARGET_NAME)";
				SWIFT_VERSION = 4.2;
				TARGETED_DEVICE_FAMILY = "1,2";
			};
			name = Release;
		};
		F124486A21AD138400164654 /* Debug */ = {
			isa = XCBuildConfiguration;
			buildSettings = {
				ALWAYS_EMBED_SWIFT_STANDARD_LIBRARIES = YES;
				BUNDLE_LOADER = "$(TEST_HOST)";
				CODE_SIGN_STYLE = Automatic;
				DEVELOPMENT_TEAM = G9733LHNWZ;
				INFOPLIST_FILE = ShutterToolTests/Info.plist;
				LD_RUNPATH_SEARCH_PATHS = (
					"$(inherited)",
					"@executable_path/Frameworks",
					"@loader_path/Frameworks",
				);
				PRODUCT_BUNDLE_IDENTIFIER = com.joshualizak.ShutterToolTests;
				PRODUCT_NAME = "$(TARGET_NAME)";
				SWIFT_VERSION = 4.2;
				TARGETED_DEVICE_FAMILY = "1,2";
				TEST_HOST = "$(BUILT_PRODUCTS_DIR)/ShutterTool.app/ShutterTool";
			};
			name = Debug;
		};
		F124486B21AD138400164654 /* Release */ = {
			isa = XCBuildConfiguration;
			buildSettings = {
				ALWAYS_EMBED_SWIFT_STANDARD_LIBRARIES = YES;
				BUNDLE_LOADER = "$(TEST_HOST)";
				CODE_SIGN_STYLE = Automatic;
				DEVELOPMENT_TEAM = G9733LHNWZ;
				INFOPLIST_FILE = ShutterToolTests/Info.plist;
				LD_RUNPATH_SEARCH_PATHS = (
					"$(inherited)",
					"@executable_path/Frameworks",
					"@loader_path/Frameworks",
				);
				PRODUCT_BUNDLE_IDENTIFIER = com.joshualizak.ShutterToolTests;
				PRODUCT_NAME = "$(TARGET_NAME)";
				SWIFT_VERSION = 4.2;
				TARGETED_DEVICE_FAMILY = "1,2";
				TEST_HOST = "$(BUILT_PRODUCTS_DIR)/ShutterTool.app/ShutterTool";
			};
			name = Release;
		};
/* End XCBuildConfiguration section */

/* Begin XCConfigurationList section */
		F124484421AD138200164654 /* Build configuration list for PBXProject "ShutterTool" */ = {
			isa = XCConfigurationList;
			buildConfigurations = (
				F124486421AD138400164654 /* Debug */,
				F124486521AD138400164654 /* Release */,
			);
			defaultConfigurationIsVisible = 0;
			defaultConfigurationName = Release;
		};
		F124486621AD138400164654 /* Build configuration list for PBXNativeTarget "ShutterTool" */ = {
			isa = XCConfigurationList;
			buildConfigurations = (
				F124486721AD138400164654 /* Debug */,
				F124486821AD138400164654 /* Release */,
			);
			defaultConfigurationIsVisible = 0;
			defaultConfigurationName = Release;
		};
		F124486921AD138400164654 /* Build configuration list for PBXNativeTarget "ShutterToolTests" */ = {
			isa = XCConfigurationList;
			buildConfigurations = (
				F124486A21AD138400164654 /* Debug */,
				F124486B21AD138400164654 /* Release */,
			);
			defaultConfigurationIsVisible = 0;
			defaultConfigurationName = Release;
		};
/* End XCConfigurationList section */
	};
	rootObject = F124484121AD138200164654 /* Project object */;
}
