// !$*UTF8*$!
{
	archiveVersion = 1;
	classes = {
	};
	objectVersion = 50;
	objects = {

/* Begin PBXBuildFile section */
		F17E2B4221C4DB71003E615B /* SavedLocationManager.swift in Sources */ = {isa = PBXBuildFile; fileRef = F17E2B4121C4DB71003E615B /* SavedLocationManager.swift */; };
		F17E2B4421C4DC13003E615B /* ExposureCalculator.swift in Sources */ = {isa = PBXBuildFile; fileRef = F17E2B4321C4DC13003E615B /* ExposureCalculator.swift */; };
		F1B27BAE21C335A3006C90BA /* TabBarController.swift in Sources */ = {isa = PBXBuildFile; fileRef = F1B27BAD21C335A3006C90BA /* TabBarController.swift */; };
		F1B85DC621C8A8A2006784E5 /* LocationData.xcdatamodeld in Sources */ = {isa = PBXBuildFile; fileRef = F1B85DC421C8A8A2006784E5 /* LocationData.xcdatamodeld */; };
		F1C12D3621CB1ABE0059F9C5 /* MapManager.swift in Sources */ = {isa = PBXBuildFile; fileRef = F1C12D3521CB1ABE0059F9C5 /* MapManager.swift */; };
		F1C12D3821CB2C5A0059F9C5 /* SavedLocationViewController.swift in Sources */ = {isa = PBXBuildFile; fileRef = F1C12D3721CB2C5A0059F9C5 /* SavedLocationViewController.swift */; };
		F1DE5AA621C749B4004BB6D1 /* FractionConverter.swift in Sources */ = {isa = PBXBuildFile; fileRef = F1DE5AA521C749B3004BB6D1 /* FractionConverter.swift */; };
		F1FC16F621BB1C4A00FDEDE5 /* AppDelegate.swift in Sources */ = {isa = PBXBuildFile; fileRef = F1FC16F521BB1C4A00FDEDE5 /* AppDelegate.swift */; };
		F1FC16F821BB1C4A00FDEDE5 /* HomeViewController.swift in Sources */ = {isa = PBXBuildFile; fileRef = F1FC16F721BB1C4A00FDEDE5 /* HomeViewController.swift */; };
		F1FC16FA21BB1C4A00FDEDE5 /* ShutterViewController.swift in Sources */ = {isa = PBXBuildFile; fileRef = F1FC16F921BB1C4A00FDEDE5 /* ShutterViewController.swift */; };
		F1FC16FD21BB1C4A00FDEDE5 /* Main.storyboard in Resources */ = {isa = PBXBuildFile; fileRef = F1FC16FB21BB1C4A00FDEDE5 /* Main.storyboard */; };
		F1FC16FF21BB1C4C00FDEDE5 /* Assets.xcassets in Resources */ = {isa = PBXBuildFile; fileRef = F1FC16FE21BB1C4C00FDEDE5 /* Assets.xcassets */; };
		F1FC170221BB1C4C00FDEDE5 /* LaunchScreen.storyboard in Resources */ = {isa = PBXBuildFile; fileRef = F1FC170021BB1C4C00FDEDE5 /* LaunchScreen.storyboard */; };
		F1FC170D21BB1C4C00FDEDE5 /* ShutterToolTests.swift in Sources */ = {isa = PBXBuildFile; fileRef = F1FC170C21BB1C4C00FDEDE5 /* ShutterToolTests.swift */; };
		F1FC171821BB1CE400FDEDE5 /* MyLocationsViewController.swift in Sources */ = {isa = PBXBuildFile; fileRef = F1FC171721BB1CE400FDEDE5 /* MyLocationsViewController.swift */; };
/* End PBXBuildFile section */

/* Begin PBXContainerItemProxy section */
		F1FC170921BB1C4C00FDEDE5 /* PBXContainerItemProxy */ = {
			isa = PBXContainerItemProxy;
			containerPortal = F1FC16EA21BB1C4A00FDEDE5 /* Project object */;
			proxyType = 1;
			remoteGlobalIDString = F1FC16F121BB1C4A00FDEDE5;
			remoteInfo = ShutterTool;
		};
/* End PBXContainerItemProxy section */

/* Begin PBXFileReference section */
		F17E2B4121C4DB71003E615B /* SavedLocationManager.swift */ = {isa = PBXFileReference; lastKnownFileType = sourcecode.swift; path = SavedLocationManager.swift; sourceTree = "<group>"; };
		F17E2B4321C4DC13003E615B /* ExposureCalculator.swift */ = {isa = PBXFileReference; lastKnownFileType = sourcecode.swift; path = ExposureCalculator.swift; sourceTree = "<group>"; };
		F1B27BAD21C335A3006C90BA /* TabBarController.swift */ = {isa = PBXFileReference; lastKnownFileType = sourcecode.swift; path = TabBarController.swift; sourceTree = "<group>"; };
		F1B85DC521C8A8A2006784E5 /* LocationData.xcdatamodel */ = {isa = PBXFileReference; lastKnownFileType = wrapper.xcdatamodel; path = LocationData.xcdatamodel; sourceTree = "<group>"; };
		F1C12D3521CB1ABE0059F9C5 /* MapManager.swift */ = {isa = PBXFileReference; lastKnownFileType = sourcecode.swift; path = MapManager.swift; sourceTree = "<group>"; };
		F1C12D3721CB2C5A0059F9C5 /* SavedLocationViewController.swift */ = {isa = PBXFileReference; lastKnownFileType = sourcecode.swift; path = SavedLocationViewController.swift; sourceTree = "<group>"; };
		F1DE5AA521C749B3004BB6D1 /* FractionConverter.swift */ = {isa = PBXFileReference; lastKnownFileType = sourcecode.swift; path = FractionConverter.swift; sourceTree = "<group>"; };
		F1FC16F221BB1C4A00FDEDE5 /* ShutterTool.app */ = {isa = PBXFileReference; explicitFileType = wrapper.application; includeInIndex = 0; path = ShutterTool.app; sourceTree = BUILT_PRODUCTS_DIR; };
		F1FC16F521BB1C4A00FDEDE5 /* AppDelegate.swift */ = {isa = PBXFileReference; lastKnownFileType = sourcecode.swift; path = AppDelegate.swift; sourceTree = "<group>"; };
		F1FC16F721BB1C4A00FDEDE5 /* HomeViewController.swift */ = {isa = PBXFileReference; lastKnownFileType = sourcecode.swift; path = HomeViewController.swift; sourceTree = "<group>"; };
		F1FC16F921BB1C4A00FDEDE5 /* ShutterViewController.swift */ = {isa = PBXFileReference; lastKnownFileType = sourcecode.swift; path = ShutterViewController.swift; sourceTree = "<group>"; };
		F1FC16FC21BB1C4A00FDEDE5 /* Base */ = {isa = PBXFileReference; lastKnownFileType = file.storyboard; name = Base; path = Base.lproj/Main.storyboard; sourceTree = "<group>"; };
		F1FC16FE21BB1C4C00FDEDE5 /* Assets.xcassets */ = {isa = PBXFileReference; lastKnownFileType = folder.assetcatalog; path = Assets.xcassets; sourceTree = "<group>"; };
		F1FC170121BB1C4C00FDEDE5 /* Base */ = {isa = PBXFileReference; lastKnownFileType = file.storyboard; name = Base; path = Base.lproj/LaunchScreen.storyboard; sourceTree = "<group>"; };
		F1FC170321BB1C4C00FDEDE5 /* Info.plist */ = {isa = PBXFileReference; lastKnownFileType = text.plist.xml; path = Info.plist; sourceTree = "<group>"; };
		F1FC170821BB1C4C00FDEDE5 /* ShutterToolTests.xctest */ = {isa = PBXFileReference; explicitFileType = wrapper.cfbundle; includeInIndex = 0; path = ShutterToolTests.xctest; sourceTree = BUILT_PRODUCTS_DIR; };
		F1FC170C21BB1C4C00FDEDE5 /* ShutterToolTests.swift */ = {isa = PBXFileReference; lastKnownFileType = sourcecode.swift; path = ShutterToolTests.swift; sourceTree = "<group>"; };
		F1FC170E21BB1C4C00FDEDE5 /* Info.plist */ = {isa = PBXFileReference; lastKnownFileType = text.plist.xml; path = Info.plist; sourceTree = "<group>"; };
		F1FC171721BB1CE400FDEDE5 /* MyLocationsViewController.swift */ = {isa = PBXFileReference; lastKnownFileType = sourcecode.swift; path = MyLocationsViewController.swift; sourceTree = "<group>"; };
/* End PBXFileReference section */

/* Begin PBXFrameworksBuildPhase section */
		F1FC16EF21BB1C4A00FDEDE5 /* Frameworks */ = {
			isa = PBXFrameworksBuildPhase;
			buildActionMask = 2147483647;
			files = (
			);
			runOnlyForDeploymentPostprocessing = 0;
		};
		F1FC170521BB1C4C00FDEDE5 /* Frameworks */ = {
			isa = PBXFrameworksBuildPhase;
			buildActionMask = 2147483647;
			files = (
			);
			runOnlyForDeploymentPostprocessing = 0;
		};
/* End PBXFrameworksBuildPhase section */

/* Begin PBXGroup section */
		F17E2B4521C4DC32003E615B /* ViewControllers */ = {
			isa = PBXGroup;
			children = (
				F1FC16F721BB1C4A00FDEDE5 /* HomeViewController.swift */,
				F1FC16F921BB1C4A00FDEDE5 /* ShutterViewController.swift */,
				F1FC171721BB1CE400FDEDE5 /* MyLocationsViewController.swift */,
				F1C12D3721CB2C5A0059F9C5 /* SavedLocationViewController.swift */,
			);
			path = ViewControllers;
			sourceTree = "<group>";
		};
		F17E2B4621C4DC6B003E615B /* DataManagers */ = {
			isa = PBXGroup;
			children = (
				F17E2B4121C4DB71003E615B /* SavedLocationManager.swift */,
				F17E2B4321C4DC13003E615B /* ExposureCalculator.swift */,
				F1DE5AA521C749B3004BB6D1 /* FractionConverter.swift */,
				F1C12D3521CB1ABE0059F9C5 /* MapManager.swift */,
				F1B85DC421C8A8A2006784E5 /* LocationData.xcdatamodeld */,
			);
			path = DataManagers;
			sourceTree = "<group>";
		};
		F1FC16E921BB1C4A00FDEDE5 = {
			isa = PBXGroup;
			children = (
				F17E2B4621C4DC6B003E615B /* DataManagers */,
				F17E2B4521C4DC32003E615B /* ViewControllers */,
				F1FC16F421BB1C4A00FDEDE5 /* ShutterTool */,
				F1FC170B21BB1C4C00FDEDE5 /* ShutterToolTests */,
				F1FC16F321BB1C4A00FDEDE5 /* Products */,
			);
			sourceTree = "<group>";
		};
		F1FC16F321BB1C4A00FDEDE5 /* Products */ = {
			isa = PBXGroup;
			children = (
				F1FC16F221BB1C4A00FDEDE5 /* ShutterTool.app */,
				F1FC170821BB1C4C00FDEDE5 /* ShutterToolTests.xctest */,
			);
			name = Products;
			sourceTree = "<group>";
		};
		F1FC16F421BB1C4A00FDEDE5 /* ShutterTool */ = {
			isa = PBXGroup;
			children = (
				F1FC16F521BB1C4A00FDEDE5 /* AppDelegate.swift */,
				F1B27BAD21C335A3006C90BA /* TabBarController.swift */,
				F1FC16FB21BB1C4A00FDEDE5 /* Main.storyboard */,
				F1FC16FE21BB1C4C00FDEDE5 /* Assets.xcassets */,
				F1FC170021BB1C4C00FDEDE5 /* LaunchScreen.storyboard */,
				F1FC170321BB1C4C00FDEDE5 /* Info.plist */,
			);
			path = ShutterTool;
			sourceTree = "<group>";
		};
		F1FC170B21BB1C4C00FDEDE5 /* ShutterToolTests */ = {
			isa = PBXGroup;
			children = (
				F1FC170C21BB1C4C00FDEDE5 /* ShutterToolTests.swift */,
				F1FC170E21BB1C4C00FDEDE5 /* Info.plist */,
			);
			path = ShutterToolTests;
			sourceTree = "<group>";
		};
/* End PBXGroup section */

/* Begin PBXNativeTarget section */
		F1FC16F121BB1C4A00FDEDE5 /* ShutterTool */ = {
			isa = PBXNativeTarget;
			buildConfigurationList = F1FC171121BB1C4C00FDEDE5 /* Build configuration list for PBXNativeTarget "ShutterTool" */;
			buildPhases = (
				F1FC16EE21BB1C4A00FDEDE5 /* Sources */,
				F1FC16EF21BB1C4A00FDEDE5 /* Frameworks */,
				F1FC16F021BB1C4A00FDEDE5 /* Resources */,
			);
			buildRules = (
			);
			dependencies = (
			);
			name = ShutterTool;
			productName = ShutterTool;
			productReference = F1FC16F221BB1C4A00FDEDE5 /* ShutterTool.app */;
			productType = "com.apple.product-type.application";
		};
		F1FC170721BB1C4C00FDEDE5 /* ShutterToolTests */ = {
			isa = PBXNativeTarget;
			buildConfigurationList = F1FC171421BB1C4C00FDEDE5 /* Build configuration list for PBXNativeTarget "ShutterToolTests" */;
			buildPhases = (
				F1FC170421BB1C4C00FDEDE5 /* Sources */,
				F1FC170521BB1C4C00FDEDE5 /* Frameworks */,
				F1FC170621BB1C4C00FDEDE5 /* Resources */,
			);
			buildRules = (
			);
			dependencies = (
				F1FC170A21BB1C4C00FDEDE5 /* PBXTargetDependency */,
			);
			name = ShutterToolTests;
			productName = ShutterToolTests;
			productReference = F1FC170821BB1C4C00FDEDE5 /* ShutterToolTests.xctest */;
			productType = "com.apple.product-type.bundle.unit-test";
		};
/* End PBXNativeTarget section */

/* Begin PBXProject section */
		F1FC16EA21BB1C4A00FDEDE5 /* Project object */ = {
			isa = PBXProject;
			attributes = {
				LastSwiftUpdateCheck = 1010;
				LastUpgradeCheck = 1010;
				ORGANIZATIONNAME = "Joshua Lizak";
				TargetAttributes = {
					F1FC16F121BB1C4A00FDEDE5 = {
						CreatedOnToolsVersion = 10.1;
					};
					F1FC170721BB1C4C00FDEDE5 = {
						CreatedOnToolsVersion = 10.1;
						TestTargetID = F1FC16F121BB1C4A00FDEDE5;
					};
				};
			};
			buildConfigurationList = F1FC16ED21BB1C4A00FDEDE5 /* Build configuration list for PBXProject "ShutterTool" */;
			compatibilityVersion = "Xcode 9.3";
			developmentRegion = en;
			hasScannedForEncodings = 0;
			knownRegions = (
				en,
				Base,
			);
			mainGroup = F1FC16E921BB1C4A00FDEDE5;
			productRefGroup = F1FC16F321BB1C4A00FDEDE5 /* Products */;
			projectDirPath = "";
			projectRoot = "";
			targets = (
				F1FC16F121BB1C4A00FDEDE5 /* ShutterTool */,
				F1FC170721BB1C4C00FDEDE5 /* ShutterToolTests */,
			);
		};
/* End PBXProject section */

/* Begin PBXResourcesBuildPhase section */
		F1FC16F021BB1C4A00FDEDE5 /* Resources */ = {
			isa = PBXResourcesBuildPhase;
			buildActionMask = 2147483647;
			files = (
				F1FC170221BB1C4C00FDEDE5 /* LaunchScreen.storyboard in Resources */,
				F1FC16FF21BB1C4C00FDEDE5 /* Assets.xcassets in Resources */,
				F1FC16FD21BB1C4A00FDEDE5 /* Main.storyboard in Resources */,
			);
			runOnlyForDeploymentPostprocessing = 0;
		};
		F1FC170621BB1C4C00FDEDE5 /* Resources */ = {
			isa = PBXResourcesBuildPhase;
			buildActionMask = 2147483647;
			files = (
			);
			runOnlyForDeploymentPostprocessing = 0;
		};
/* End PBXResourcesBuildPhase section */

/* Begin PBXSourcesBuildPhase section */
		F1FC16EE21BB1C4A00FDEDE5 /* Sources */ = {
			isa = PBXSourcesBuildPhase;
			buildActionMask = 2147483647;
			files = (
				F1DE5AA621C749B4004BB6D1 /* FractionConverter.swift in Sources */,
				F1C12D3821CB2C5A0059F9C5 /* SavedLocationViewController.swift in Sources */,
				F1FC16FA21BB1C4A00FDEDE5 /* ShutterViewController.swift in Sources */,
				F1FC16F621BB1C4A00FDEDE5 /* AppDelegate.swift in Sources */,
				F17E2B4221C4DB71003E615B /* SavedLocationManager.swift in Sources */,
				F1C12D3621CB1ABE0059F9C5 /* MapManager.swift in Sources */,
				F1FC16F821BB1C4A00FDEDE5 /* HomeViewController.swift in Sources */,
				F1B27BAE21C335A3006C90BA /* TabBarController.swift in Sources */,
				F1FC171821BB1CE400FDEDE5 /* MyLocationsViewController.swift in Sources */,
				F1B85DC621C8A8A2006784E5 /* LocationData.xcdatamodeld in Sources */,
				F17E2B4421C4DC13003E615B /* ExposureCalculator.swift in Sources */,
			);
			runOnlyForDeploymentPostprocessing = 0;
		};
		F1FC170421BB1C4C00FDEDE5 /* Sources */ = {
			isa = PBXSourcesBuildPhase;
			buildActionMask = 2147483647;
			files = (
				F1FC170D21BB1C4C00FDEDE5 /* ShutterToolTests.swift in Sources */,
			);
			runOnlyForDeploymentPostprocessing = 0;
		};
/* End PBXSourcesBuildPhase section */

/* Begin PBXTargetDependency section */
		F1FC170A21BB1C4C00FDEDE5 /* PBXTargetDependency */ = {
			isa = PBXTargetDependency;
			target = F1FC16F121BB1C4A00FDEDE5 /* ShutterTool */;
			targetProxy = F1FC170921BB1C4C00FDEDE5 /* PBXContainerItemProxy */;
		};
/* End PBXTargetDependency section */

/* Begin PBXVariantGroup section */
		F1FC16FB21BB1C4A00FDEDE5 /* Main.storyboard */ = {
			isa = PBXVariantGroup;
			children = (
				F1FC16FC21BB1C4A00FDEDE5 /* Base */,
			);
			name = Main.storyboard;
			sourceTree = "<group>";
		};
		F1FC170021BB1C4C00FDEDE5 /* LaunchScreen.storyboard */ = {
			isa = PBXVariantGroup;
			children = (
				F1FC170121BB1C4C00FDEDE5 /* Base */,
			);
			name = LaunchScreen.storyboard;
			sourceTree = "<group>";
		};
/* End PBXVariantGroup section */

/* Begin XCBuildConfiguration section */
		F1FC170F21BB1C4C00FDEDE5 /* Debug */ = {
			isa = XCBuildConfiguration;
			buildSettings = {
				ALWAYS_SEARCH_USER_PATHS = NO;
				CLANG_ANALYZER_NONNULL = YES;
				CLANG_ANALYZER_NUMBER_OBJECT_CONVERSION = YES_AGGRESSIVE;
				CLANG_CXX_LANGUAGE_STANDARD = "gnu++14";
				CLANG_CXX_LIBRARY = "libc++";
				CLANG_ENABLE_MODULES = YES;
				CLANG_ENABLE_OBJC_ARC = YES;
				CLANG_ENABLE_OBJC_WEAK = YES;
				CLANG_WARN_BLOCK_CAPTURE_AUTORELEASING = YES;
				CLANG_WARN_BOOL_CONVERSION = YES;
				CLANG_WARN_COMMA = YES;
				CLANG_WARN_CONSTANT_CONVERSION = YES;
				CLANG_WARN_DEPRECATED_OBJC_IMPLEMENTATIONS = YES;
				CLANG_WARN_DIRECT_OBJC_ISA_USAGE = YES_ERROR;
				CLANG_WARN_DOCUMENTATION_COMMENTS = YES;
				CLANG_WARN_EMPTY_BODY = YES;
				CLANG_WARN_ENUM_CONVERSION = YES;
				CLANG_WARN_INFINITE_RECURSION = YES;
				CLANG_WARN_INT_CONVERSION = YES;
				CLANG_WARN_NON_LITERAL_NULL_CONVERSION = YES;
				CLANG_WARN_OBJC_IMPLICIT_RETAIN_SELF = YES;
				CLANG_WARN_OBJC_LITERAL_CONVERSION = YES;
				CLANG_WARN_OBJC_ROOT_CLASS = YES_ERROR;
				CLANG_WARN_RANGE_LOOP_ANALYSIS = YES;
				CLANG_WARN_STRICT_PROTOTYPES = YES;
				CLANG_WARN_SUSPICIOUS_MOVE = YES;
				CLANG_WARN_UNGUARDED_AVAILABILITY = YES_AGGRESSIVE;
				CLANG_WARN_UNREACHABLE_CODE = YES;
				CLANG_WARN__DUPLICATE_METHOD_MATCH = YES;
				CODE_SIGN_IDENTITY = "iPhone Developer";
				COPY_PHASE_STRIP = NO;
				DEBUG_INFORMATION_FORMAT = dwarf;
				ENABLE_STRICT_OBJC_MSGSEND = YES;
				ENABLE_TESTABILITY = YES;
				GCC_C_LANGUAGE_STANDARD = gnu11;
				GCC_DYNAMIC_NO_PIC = NO;
				GCC_NO_COMMON_BLOCKS = YES;
				GCC_OPTIMIZATION_LEVEL = 0;
				GCC_PREPROCESSOR_DEFINITIONS = (
					"DEBUG=1",
					"$(inherited)",
				);
				GCC_WARN_64_TO_32_BIT_CONVERSION = YES;
				GCC_WARN_ABOUT_RETURN_TYPE = YES_ERROR;
				GCC_WARN_UNDECLARED_SELECTOR = YES;
				GCC_WARN_UNINITIALIZED_AUTOS = YES_AGGRESSIVE;
				GCC_WARN_UNUSED_FUNCTION = YES;
				GCC_WARN_UNUSED_VARIABLE = YES;
				IPHONEOS_DEPLOYMENT_TARGET = 12.1;
				MTL_ENABLE_DEBUG_INFO = INCLUDE_SOURCE;
				MTL_FAST_MATH = YES;
				ONLY_ACTIVE_ARCH = YES;
				SDKROOT = iphoneos;
				SWIFT_ACTIVE_COMPILATION_CONDITIONS = DEBUG;
				SWIFT_OPTIMIZATION_LEVEL = "-Onone";
			};
			name = Debug;
		};
		F1FC171021BB1C4C00FDEDE5 /* Release */ = {
			isa = XCBuildConfiguration;
			buildSettings = {
				ALWAYS_SEARCH_USER_PATHS = NO;
				CLANG_ANALYZER_NONNULL = YES;
				CLANG_ANALYZER_NUMBER_OBJECT_CONVERSION = YES_AGGRESSIVE;
				CLANG_CXX_LANGUAGE_STANDARD = "gnu++14";
				CLANG_CXX_LIBRARY = "libc++";
				CLANG_ENABLE_MODULES = YES;
				CLANG_ENABLE_OBJC_ARC = YES;
				CLANG_ENABLE_OBJC_WEAK = YES;
				CLANG_WARN_BLOCK_CAPTURE_AUTORELEASING = YES;
				CLANG_WARN_BOOL_CONVERSION = YES;
				CLANG_WARN_COMMA = YES;
				CLANG_WARN_CONSTANT_CONVERSION = YES;
				CLANG_WARN_DEPRECATED_OBJC_IMPLEMENTATIONS = YES;
				CLANG_WARN_DIRECT_OBJC_ISA_USAGE = YES_ERROR;
				CLANG_WARN_DOCUMENTATION_COMMENTS = YES;
				CLANG_WARN_EMPTY_BODY = YES;
				CLANG_WARN_ENUM_CONVERSION = YES;
				CLANG_WARN_INFINITE_RECURSION = YES;
				CLANG_WARN_INT_CONVERSION = YES;
				CLANG_WARN_NON_LITERAL_NULL_CONVERSION = YES;
				CLANG_WARN_OBJC_IMPLICIT_RETAIN_SELF = YES;
				CLANG_WARN_OBJC_LITERAL_CONVERSION = YES;
				CLANG_WARN_OBJC_ROOT_CLASS = YES_ERROR;
				CLANG_WARN_RANGE_LOOP_ANALYSIS = YES;
				CLANG_WARN_STRICT_PROTOTYPES = YES;
				CLANG_WARN_SUSPICIOUS_MOVE = YES;
				CLANG_WARN_UNGUARDED_AVAILABILITY = YES_AGGRESSIVE;
				CLANG_WARN_UNREACHABLE_CODE = YES;
				CLANG_WARN__DUPLICATE_METHOD_MATCH = YES;
				CODE_SIGN_IDENTITY = "iPhone Developer";
				COPY_PHASE_STRIP = NO;
				DEBUG_INFORMATION_FORMAT = "dwarf-with-dsym";
				ENABLE_NS_ASSERTIONS = NO;
				ENABLE_STRICT_OBJC_MSGSEND = YES;
				GCC_C_LANGUAGE_STANDARD = gnu11;
				GCC_NO_COMMON_BLOCKS = YES;
				GCC_WARN_64_TO_32_BIT_CONVERSION = YES;
				GCC_WARN_ABOUT_RETURN_TYPE = YES_ERROR;
				GCC_WARN_UNDECLARED_SELECTOR = YES;
				GCC_WARN_UNINITIALIZED_AUTOS = YES_AGGRESSIVE;
				GCC_WARN_UNUSED_FUNCTION = YES;
				GCC_WARN_UNUSED_VARIABLE = YES;
				IPHONEOS_DEPLOYMENT_TARGET = 12.1;
				MTL_ENABLE_DEBUG_INFO = NO;
				MTL_FAST_MATH = YES;
				SDKROOT = iphoneos;
				SWIFT_COMPILATION_MODE = wholemodule;
				SWIFT_OPTIMIZATION_LEVEL = "-O";
				VALIDATE_PRODUCT = YES;
			};
			name = Release;
		};
		F1FC171221BB1C4C00FDEDE5 /* Debug */ = {
			isa = XCBuildConfiguration;
			buildSettings = {
				ASSETCATALOG_COMPILER_APPICON_NAME = AppIcon;
				CODE_SIGN_STYLE = Automatic;
				DEVELOPMENT_TEAM = G9733LHNWZ;
				INFOPLIST_FILE = ShutterTool/Info.plist;
				LD_RUNPATH_SEARCH_PATHS = (
					"$(inherited)",
					"@executable_path/Frameworks",
				);
				PRODUCT_BUNDLE_IDENTIFIER = com.joshualizak.ShutterTool;
				PRODUCT_NAME = "$(TARGET_NAME)";
				SWIFT_VERSION = 4.2;
				TARGETED_DEVICE_FAMILY = "1,2";
			};
			name = Debug;
		};
		F1FC171321BB1C4C00FDEDE5 /* Release */ = {
			isa = XCBuildConfiguration;
			buildSettings = {
				ASSETCATALOG_COMPILER_APPICON_NAME = AppIcon;
				CODE_SIGN_STYLE = Automatic;
				DEVELOPMENT_TEAM = G9733LHNWZ;
				INFOPLIST_FILE = ShutterTool/Info.plist;
				LD_RUNPATH_SEARCH_PATHS = (
					"$(inherited)",
					"@executable_path/Frameworks",
				);
				PRODUCT_BUNDLE_IDENTIFIER = com.joshualizak.ShutterTool;
				PRODUCT_NAME = "$(TARGET_NAME)";
				SWIFT_VERSION = 4.2;
				TARGETED_DEVICE_FAMILY = "1,2";
			};
			name = Release;
		};
		F1FC171521BB1C4C00FDEDE5 /* Debug */ = {
			isa = XCBuildConfiguration;
			buildSettings = {
				ALWAYS_EMBED_SWIFT_STANDARD_LIBRARIES = YES;
				BUNDLE_LOADER = "$(TEST_HOST)";
				CODE_SIGN_STYLE = Automatic;
				DEVELOPMENT_TEAM = G9733LHNWZ;
				INFOPLIST_FILE = ShutterToolTests/Info.plist;
				LD_RUNPATH_SEARCH_PATHS = (
					"$(inherited)",
					"@executable_path/Frameworks",
					"@loader_path/Frameworks",
				);
				PRODUCT_BUNDLE_IDENTIFIER = com.joshualizak.ShutterToolTests;
				PRODUCT_NAME = "$(TARGET_NAME)";
				SWIFT_VERSION = 4.2;
				TARGETED_DEVICE_FAMILY = "1,2";
				TEST_HOST = "$(BUILT_PRODUCTS_DIR)/ShutterTool.app/ShutterTool";
			};
			name = Debug;
		};
		F1FC171621BB1C4C00FDEDE5 /* Release */ = {
			isa = XCBuildConfiguration;
			buildSettings = {
				ALWAYS_EMBED_SWIFT_STANDARD_LIBRARIES = YES;
				BUNDLE_LOADER = "$(TEST_HOST)";
				CODE_SIGN_STYLE = Automatic;
				DEVELOPMENT_TEAM = G9733LHNWZ;
				INFOPLIST_FILE = ShutterToolTests/Info.plist;
				LD_RUNPATH_SEARCH_PATHS = (
					"$(inherited)",
					"@executable_path/Frameworks",
					"@loader_path/Frameworks",
				);
				PRODUCT_BUNDLE_IDENTIFIER = com.joshualizak.ShutterToolTests;
				PRODUCT_NAME = "$(TARGET_NAME)";
				SWIFT_VERSION = 4.2;
				TARGETED_DEVICE_FAMILY = "1,2";
				TEST_HOST = "$(BUILT_PRODUCTS_DIR)/ShutterTool.app/ShutterTool";
			};
			name = Release;
		};
/* End XCBuildConfiguration section */

/* Begin XCConfigurationList section */
		F1FC16ED21BB1C4A00FDEDE5 /* Build configuration list for PBXProject "ShutterTool" */ = {
			isa = XCConfigurationList;
			buildConfigurations = (
				F1FC170F21BB1C4C00FDEDE5 /* Debug */,
				F1FC171021BB1C4C00FDEDE5 /* Release */,
			);
			defaultConfigurationIsVisible = 0;
			defaultConfigurationName = Release;
		};
		F1FC171121BB1C4C00FDEDE5 /* Build configuration list for PBXNativeTarget "ShutterTool" */ = {
			isa = XCConfigurationList;
			buildConfigurations = (
				F1FC171221BB1C4C00FDEDE5 /* Debug */,
				F1FC171321BB1C4C00FDEDE5 /* Release */,
			);
			defaultConfigurationIsVisible = 0;
			defaultConfigurationName = Release;
		};
		F1FC171421BB1C4C00FDEDE5 /* Build configuration list for PBXNativeTarget "ShutterToolTests" */ = {
			isa = XCConfigurationList;
			buildConfigurations = (
				F1FC171521BB1C4C00FDEDE5 /* Debug */,
				F1FC171621BB1C4C00FDEDE5 /* Release */,
			);
			defaultConfigurationIsVisible = 0;
			defaultConfigurationName = Release;
		};
/* End XCConfigurationList section */

/* Begin XCVersionGroup section */
		F1B85DC421C8A8A2006784E5 /* LocationData.xcdatamodeld */ = {
			isa = XCVersionGroup;
			children = (
				F1B85DC521C8A8A2006784E5 /* LocationData.xcdatamodel */,
			);
			currentVersion = F1B85DC521C8A8A2006784E5 /* LocationData.xcdatamodel */;
			path = LocationData.xcdatamodeld;
			sourceTree = "<group>";
			versionGroupType = wrapper.xcdatamodel;
		};
/* End XCVersionGroup section */
	};
	rootObject = F1FC16EA21BB1C4A00FDEDE5 /* Project object */;
}
